
Microsoft Visual Studio Solution File, Format Version 12.00
# Visual Studio Version 17
VisualStudioVersion = 17.1.32210.238
MinimumVisualStudioVersion = 10.0.40219.1
Project("{9A19103F-16F7-4668-BE54-9A1E7A4F7556}") = "Just_Some_CS_Stuff", "Just_Some_CS_Stuff\Just_Some_CS_Stuff.csproj", "{49565797-E173-4565-8FDE-6E1868F82731}"
EndProject
Global
	GlobalSection(SolutionConfigurationPlatforms) = preSolution
		Debug|Any CPU = Debug|Any CPU
		Release|Any CPU = Release|Any CPU
	EndGlobalSection
	GlobalSection(ProjectConfigurationPlatforms) = postSolution
		{49565797-E173-4565-8FDE-6E1868F82731}.Debug|Any CPU.ActiveCfg = Debug|Any CPU
		{49565797-E173-4565-8FDE-6E1868F82731}.Debug|Any CPU.Build.0 = Debug|Any CPU
		{49565797-E173-4565-8FDE-6E1868F82731}.Release|Any CPU.ActiveCfg = Release|Any CPU
		{49565797-E173-4565-8FDE-6E1868F82731}.Release|Any CPU.Build.0 = Release|Any CPU
	EndGlobalSection
	GlobalSection(SolutionProperties) = preSolution
		HideSolutionNode = FALSE
	EndGlobalSection
	GlobalSection(ExtensibilityGlobals) = postSolution
		SolutionGuid = {7A8909C1-B195-410A-B93F-41FECABCEED4}
	EndGlobalSection
EndGlobal
